
Microsoft Visual Studio Solution File, Format Version 12.00
# Visual Studio Version 17
VisualStudioVersion = 17.5.33627.172
MinimumVisualStudioVersion = 10.0.40219.1
Project("{FAE04EC0-301F-11D3-BF4B-00C04F79EFBC}") = "BankSystemGui", "BankSystemGui\BankSystemGui.csproj", "{2A28AB49-4DD9-485D-856F-4B2E0B8667FF}"
EndProject
Global
	GlobalSection(SolutionConfigurationPlatforms) = preSolution
		Debug|Any CPU = Debug|Any CPU
		Release|Any CPU = Release|Any CPU
	EndGlobalSection
	GlobalSection(ProjectConfigurationPlatforms) = postSolution
		{2A28AB49-4DD9-485D-856F-4B2E0B8667FF}.Debug|Any CPU.ActiveCfg = Debug|Any CPU
		{2A28AB49-4DD9-485D-856F-4B2E0B8667FF}.Debug|Any CPU.Build.0 = Debug|Any CPU
		{2A28AB49-4DD9-485D-856F-4B2E0B8667FF}.Release|Any CPU.ActiveCfg = Release|Any CPU
		{2A28AB49-4DD9-485D-856F-4B2E0B8667FF}.Release|Any CPU.Build.0 = Release|Any CPU
	EndGlobalSection
	GlobalSection(SolutionProperties) = preSolution
		HideSolutionNode = FALSE
	EndGlobalSection
	GlobalSection(ExtensibilityGlobals) = postSolution
		SolutionGuid = {29F98A27-E683-4AC9-A628-673F0606CB19}
	EndGlobalSection
EndGlobal
