
Microsoft Visual Studio Solution File, Format Version 12.00
# Visual Studio Version 17
VisualStudioVersion = 17.5.33627.172
MinimumVisualStudioVersion = 10.0.40219.1
Project("{FAE04EC0-301F-11D3-BF4B-00C04F79EFBC}") = "BankSystemGui", "BankSystemGui\BankSystemGui.csproj", "{558F03E4-3334-4698-8C53-0E92F4350854}"
EndProject
Global
	GlobalSection(SolutionConfigurationPlatforms) = preSolution
		Debug|Any CPU = Debug|Any CPU
		Release|Any CPU = Release|Any CPU
	EndGlobalSection
	GlobalSection(ProjectConfigurationPlatforms) = postSolution
		{558F03E4-3334-4698-8C53-0E92F4350854}.Debug|Any CPU.ActiveCfg = Debug|Any CPU
		{558F03E4-3334-4698-8C53-0E92F4350854}.Debug|Any CPU.Build.0 = Debug|Any CPU
		{558F03E4-3334-4698-8C53-0E92F4350854}.Release|Any CPU.ActiveCfg = Release|Any CPU
		{558F03E4-3334-4698-8C53-0E92F4350854}.Release|Any CPU.Build.0 = Release|Any CPU
	EndGlobalSection
	GlobalSection(SolutionProperties) = preSolution
		HideSolutionNode = FALSE
	EndGlobalSection
	GlobalSection(ExtensibilityGlobals) = postSolution
		SolutionGuid = {D73E7A27-507A-416C-B5D8-1611BE0D4AE4}
	EndGlobalSection
EndGlobal
